// !$*UTF8*$!
{
	archiveVersion = 1;
	classes = {
	};
	objectVersion = 46;
	objects = {

/* Begin PBXBuildFile section */
		CB0CEBF91D76B6B000308DE7 /* AppDelegate.swift in Sources */ = {isa = PBXBuildFile; fileRef = CB0CEBF81D76B6B000308DE7 /* AppDelegate.swift */; };
		CB0CEBFB1D76B6B000308DE7 /* HomeViewController.swift in Sources */ = {isa = PBXBuildFile; fileRef = CB0CEBFA1D76B6B000308DE7 /* HomeViewController.swift */; };
		CB0CEBFD1D76B6B000308DE7 /* CategoryViewController.swift in Sources */ = {isa = PBXBuildFile; fileRef = CB0CEBFC1D76B6B000308DE7 /* CategoryViewController.swift */; };
		CB0CEC001D76B6B000308DE7 /* Main.storyboard in Resources */ = {isa = PBXBuildFile; fileRef = CB0CEBFE1D76B6B000308DE7 /* Main.storyboard */; };
		CB0CEC021D76B6B000308DE7 /* Assets.xcassets in Resources */ = {isa = PBXBuildFile; fileRef = CB0CEC011D76B6B000308DE7 /* Assets.xcassets */; };
		CB0CEC051D76B6B000308DE7 /* LaunchScreen.storyboard in Resources */ = {isa = PBXBuildFile; fileRef = CB0CEC031D76B6B000308DE7 /* LaunchScreen.storyboard */; };
		CB0CEC101D76B6B000308DE7 /* mongmongwooTests.swift in Sources */ = {isa = PBXBuildFile; fileRef = CB0CEC0F1D76B6B000308DE7 /* mongmongwooTests.swift */; };
		CB7686DF1D82B08A0076425B /* UrlImageView.swift in Sources */ = {isa = PBXBuildFile; fileRef = CB7686DE1D82B08A0076425B /* UrlImageView.swift */; };
		CB9050651D83AB4E006A7120 /* DataProvider.swift in Sources */ = {isa = PBXBuildFile; fileRef = CB9050641D83AB4E006A7120 /* DataProvider.swift */; };
		CB9050691D83BE16006A7120 /* ItemsResponse.swift in Sources */ = {isa = PBXBuildFile; fileRef = CB9050681D83BE16006A7120 /* ItemsResponse.swift */; };
		CB90506F1D83FA74006A7120 /* ItemCollectionViewController.swift in Sources */ = {isa = PBXBuildFile; fileRef = CB90506E1D83FA74006A7120 /* ItemCollectionViewController.swift */; };
		CB9050711D862750006A7120 /* ItemCollectionViewCell.swift in Sources */ = {isa = PBXBuildFile; fileRef = CB9050701D862750006A7120 /* ItemCollectionViewCell.swift */; };
		CB9050741D869C58006A7120 /* HomeHeaderCollectionReusableView.swift in Sources */ = {isa = PBXBuildFile; fileRef = CB9050731D869C58006A7120 /* HomeHeaderCollectionReusableView.swift */; };
		CB90507B1D880C75006A7120 /* AccountViewController.swift in Sources */ = {isa = PBXBuildFile; fileRef = CB90507A1D880C75006A7120 /* AccountViewController.swift */; };
		CB90507D1D880C8A006A7120 /* NotificationViewController.swift in Sources */ = {isa = PBXBuildFile; fileRef = CB90507C1D880C8A006A7120 /* NotificationViewController.swift */; };
		CBA6EF261D8157C200567200 /* BannerResponse.swift in Sources */ = {isa = PBXBuildFile; fileRef = CBA6EF251D8157C200567200 /* BannerResponse.swift */; };
		CBEA9FF41D782AEE00B4D43A /* Error.swift in Sources */ = {isa = PBXBuildFile; fileRef = CBEA9FF31D782AEE00B4D43A /* Error.swift */; };
		CBFFF4E61D78215400286241 /* Cartfile in Resources */ = {isa = PBXBuildFile; fileRef = CBFFF4E51D78215400286241 /* Cartfile */; };
/* End PBXBuildFile section */

/* Begin PBXContainerItemProxy section */
		CB0CEC0C1D76B6B000308DE7 /* PBXContainerItemProxy */ = {
			isa = PBXContainerItemProxy;
			containerPortal = CB0CEBED1D76B6B000308DE7 /* Project object */;
			proxyType = 1;
			remoteGlobalIDString = CB0CEBF41D76B6B000308DE7;
			remoteInfo = mongmongwoo;
		};
/* End PBXContainerItemProxy section */

/* Begin PBXCopyFilesBuildPhase section */
		CB56EFF61D8294D500FFA2B0 /* Embed Frameworks */ = {
			isa = PBXCopyFilesBuildPhase;
			buildActionMask = 2147483647;
			dstPath = "";
			dstSubfolderSpec = 10;
			files = (
			);
			name = "Embed Frameworks";
			runOnlyForDeploymentPostprocessing = 0;
		};
/* End PBXCopyFilesBuildPhase section */

/* Begin PBXFileReference section */
		CB0CEBF51D76B6B000308DE7 /* mongmongwoo.app */ = {isa = PBXFileReference; explicitFileType = wrapper.application; includeInIndex = 0; path = mongmongwoo.app; sourceTree = BUILT_PRODUCTS_DIR; };
		CB0CEBF81D76B6B000308DE7 /* AppDelegate.swift */ = {isa = PBXFileReference; lastKnownFileType = sourcecode.swift; path = AppDelegate.swift; sourceTree = "<group>"; };
		CB0CEBFA1D76B6B000308DE7 /* HomeViewController.swift */ = {isa = PBXFileReference; lastKnownFileType = sourcecode.swift; path = HomeViewController.swift; sourceTree = "<group>"; };
		CB0CEBFC1D76B6B000308DE7 /* CategoryViewController.swift */ = {isa = PBXFileReference; lastKnownFileType = sourcecode.swift; path = CategoryViewController.swift; sourceTree = "<group>"; };
		CB0CEBFF1D76B6B000308DE7 /* Base */ = {isa = PBXFileReference; lastKnownFileType = file.storyboard; name = Base; path = Base.lproj/Main.storyboard; sourceTree = "<group>"; };
		CB0CEC011D76B6B000308DE7 /* Assets.xcassets */ = {isa = PBXFileReference; lastKnownFileType = folder.assetcatalog; path = Assets.xcassets; sourceTree = "<group>"; };
		CB0CEC041D76B6B000308DE7 /* Base */ = {isa = PBXFileReference; lastKnownFileType = file.storyboard; name = Base; path = Base.lproj/LaunchScreen.storyboard; sourceTree = "<group>"; };
		CB0CEC061D76B6B000308DE7 /* Info.plist */ = {isa = PBXFileReference; lastKnownFileType = text.plist.xml; path = Info.plist; sourceTree = "<group>"; };
		CB0CEC0B1D76B6B000308DE7 /* mongmongwooTests.xctest */ = {isa = PBXFileReference; explicitFileType = wrapper.cfbundle; includeInIndex = 0; path = mongmongwooTests.xctest; sourceTree = BUILT_PRODUCTS_DIR; };
		CB0CEC0F1D76B6B000308DE7 /* mongmongwooTests.swift */ = {isa = PBXFileReference; lastKnownFileType = sourcecode.swift; path = mongmongwooTests.swift; sourceTree = "<group>"; };
		CB0CEC111D76B6B000308DE7 /* Info.plist */ = {isa = PBXFileReference; lastKnownFileType = text.plist.xml; path = Info.plist; sourceTree = "<group>"; };
		CB7686DE1D82B08A0076425B /* UrlImageView.swift */ = {isa = PBXFileReference; fileEncoding = 4; lastKnownFileType = sourcecode.swift; path = UrlImageView.swift; sourceTree = "<group>"; };
		CB9050641D83AB4E006A7120 /* DataProvider.swift */ = {isa = PBXFileReference; fileEncoding = 4; lastKnownFileType = sourcecode.swift; path = DataProvider.swift; sourceTree = "<group>"; };
		CB9050681D83BE16006A7120 /* ItemsResponse.swift */ = {isa = PBXFileReference; fileEncoding = 4; lastKnownFileType = sourcecode.swift; path = ItemsResponse.swift; sourceTree = "<group>"; };
		CB90506E1D83FA74006A7120 /* ItemCollectionViewController.swift */ = {isa = PBXFileReference; fileEncoding = 4; lastKnownFileType = sourcecode.swift; path = ItemCollectionViewController.swift; sourceTree = "<group>"; };
		CB9050701D862750006A7120 /* ItemCollectionViewCell.swift */ = {isa = PBXFileReference; fileEncoding = 4; lastKnownFileType = sourcecode.swift; path = ItemCollectionViewCell.swift; sourceTree = "<group>"; };
		CB9050731D869C58006A7120 /* HomeHeaderCollectionReusableView.swift */ = {isa = PBXFileReference; fileEncoding = 4; lastKnownFileType = sourcecode.swift; path = HomeHeaderCollectionReusableView.swift; sourceTree = "<group>"; };
		CB90507A1D880C75006A7120 /* AccountViewController.swift */ = {isa = PBXFileReference; fileEncoding = 4; lastKnownFileType = sourcecode.swift; path = AccountViewController.swift; sourceTree = "<group>"; };
		CB90507C1D880C8A006A7120 /* NotificationViewController.swift */ = {isa = PBXFileReference; fileEncoding = 4; lastKnownFileType = sourcecode.swift; path = NotificationViewController.swift; sourceTree = "<group>"; };
		CBA6EF251D8157C200567200 /* BannerResponse.swift */ = {isa = PBXFileReference; fileEncoding = 4; lastKnownFileType = sourcecode.swift; path = BannerResponse.swift; sourceTree = "<group>"; };
		CBEA9FF31D782AEE00B4D43A /* Error.swift */ = {isa = PBXFileReference; fileEncoding = 4; lastKnownFileType = sourcecode.swift; path = Error.swift; sourceTree = "<group>"; };
		CBFFF4E51D78215400286241 /* Cartfile */ = {isa = PBXFileReference; fileEncoding = 4; lastKnownFileType = text; path = Cartfile; sourceTree = "<group>"; };
/* End PBXFileReference section */

/* Begin PBXFrameworksBuildPhase section */
		CB0CEBF21D76B6B000308DE7 /* Frameworks */ = {
			isa = PBXFrameworksBuildPhase;
			buildActionMask = 2147483647;
			files = (
			);
			runOnlyForDeploymentPostprocessing = 0;
		};
		CB0CEC081D76B6B000308DE7 /* Frameworks */ = {
			isa = PBXFrameworksBuildPhase;
			buildActionMask = 2147483647;
			files = (
			);
			runOnlyForDeploymentPostprocessing = 0;
		};
/* End PBXFrameworksBuildPhase section */

/* Begin PBXGroup section */
		CB0CEBEC1D76B6B000308DE7 = {
			isa = PBXGroup;
			children = (
				CBFFF4E51D78215400286241 /* Cartfile */,
				CB0CEBF71D76B6B000308DE7 /* mongmongwoo */,
				CB0CEC0E1D76B6B000308DE7 /* mongmongwooTests */,
				CB0CEBF61D76B6B000308DE7 /* Products */,
			);
			sourceTree = "<group>";
		};
		CB0CEBF61D76B6B000308DE7 /* Products */ = {
			isa = PBXGroup;
			children = (
				CB0CEBF51D76B6B000308DE7 /* mongmongwoo.app */,
				CB0CEC0B1D76B6B000308DE7 /* mongmongwooTests.xctest */,
			);
			name = Products;
			sourceTree = "<group>";
		};
		CB0CEBF71D76B6B000308DE7 /* mongmongwoo */ = {
			isa = PBXGroup;
			children = (
				CB0CEC061D76B6B000308DE7 /* Info.plist */,
				CB0CEBF81D76B6B000308DE7 /* AppDelegate.swift */,
				CB9050641D83AB4E006A7120 /* DataProvider.swift */,
				CB0CEC011D76B6B000308DE7 /* Assets.xcassets */,
				CB9050791D880BF6006A7120 /* account */,
				CB9050771D880B54006A7120 /* category */,
				CB0CEC3E1D77CDB500308DE7 /* entity */,
				CB9050721D869AF7006A7120 /* home */,
				CB0CEC031D76B6B000308DE7 /* LaunchScreen.storyboard */,
				CB0CEBFE1D76B6B000308DE7 /* Main.storyboard */,
				CB9050781D880BDD006A7120 /* notification */,
				CB7686DD1D82B06A0076425B /* widget */,
			);
			path = mongmongwoo;
			sourceTree = "<group>";
		};
		CB0CEC0E1D76B6B000308DE7 /* mongmongwooTests */ = {
			isa = PBXGroup;
			children = (
				CB0CEC0F1D76B6B000308DE7 /* mongmongwooTests.swift */,
				CB0CEC111D76B6B000308DE7 /* Info.plist */,
			);
			path = mongmongwooTests;
			sourceTree = "<group>";
		};
		CB0CEC3E1D77CDB500308DE7 /* entity */ = {
			isa = PBXGroup;
			children = (
				CBEA9FF31D782AEE00B4D43A /* Error.swift */,
				CBA6EF251D8157C200567200 /* BannerResponse.swift */,
				CB9050681D83BE16006A7120 /* ItemsResponse.swift */,
			);
			name = entity;
			sourceTree = "<group>";
		};
		CB7686DD1D82B06A0076425B /* widget */ = {
			isa = PBXGroup;
			children = (
				CB7686DE1D82B08A0076425B /* UrlImageView.swift */,
			);
			name = widget;
			sourceTree = "<group>";
		};
		CB9050721D869AF7006A7120 /* home */ = {
			isa = PBXGroup;
			children = (
				CB0CEBFA1D76B6B000308DE7 /* HomeViewController.swift */,
				CB90506E1D83FA74006A7120 /* ItemCollectionViewController.swift */,
				CB9050701D862750006A7120 /* ItemCollectionViewCell.swift */,
				CB9050731D869C58006A7120 /* HomeHeaderCollectionReusableView.swift */,
			);
			name = home;
			sourceTree = "<group>";
		};
		CB9050771D880B54006A7120 /* category */ = {
			isa = PBXGroup;
			children = (
				CB0CEBFC1D76B6B000308DE7 /* CategoryViewController.swift */,
			);
			name = category;
			sourceTree = "<group>";
		};
		CB9050781D880BDD006A7120 /* notification */ = {
			isa = PBXGroup;
			children = (
				CB90507C1D880C8A006A7120 /* NotificationViewController.swift */,
			);
			name = notification;
			sourceTree = "<group>";
		};
		CB9050791D880BF6006A7120 /* account */ = {
			isa = PBXGroup;
			children = (
				CB90507A1D880C75006A7120 /* AccountViewController.swift */,
			);
			name = account;
			sourceTree = "<group>";
		};
/* End PBXGroup section */

/* Begin PBXNativeTarget section */
		CB0CEBF41D76B6B000308DE7 /* mongmongwoo */ = {
			isa = PBXNativeTarget;
			buildConfigurationList = CB0CEC141D76B6B000308DE7 /* Build configuration list for PBXNativeTarget "mongmongwoo" */;
			buildPhases = (
				CB0CEBF11D76B6B000308DE7 /* Sources */,
				CB0CEBF21D76B6B000308DE7 /* Frameworks */,
				CB0CEBF31D76B6B000308DE7 /* Resources */,
				CB56EFF61D8294D500FFA2B0 /* Embed Frameworks */,
				CB7686DA1D8299180076425B /* ShellScript */,
			);
			buildRules = (
			);
			dependencies = (
			);
			name = mongmongwoo;
			productName = mongmongwoo;
			productReference = CB0CEBF51D76B6B000308DE7 /* mongmongwoo.app */;
			productType = "com.apple.product-type.application";
		};
		CB0CEC0A1D76B6B000308DE7 /* mongmongwooTests */ = {
			isa = PBXNativeTarget;
			buildConfigurationList = CB0CEC171D76B6B000308DE7 /* Build configuration list for PBXNativeTarget "mongmongwooTests" */;
			buildPhases = (
				CB0CEC071D76B6B000308DE7 /* Sources */,
				CB0CEC081D76B6B000308DE7 /* Frameworks */,
				CB0CEC091D76B6B000308DE7 /* Resources */,
			);
			buildRules = (
			);
			dependencies = (
				CB0CEC0D1D76B6B000308DE7 /* PBXTargetDependency */,
			);
			name = mongmongwooTests;
			productName = mongmongwooTests;
			productReference = CB0CEC0B1D76B6B000308DE7 /* mongmongwooTests.xctest */;
			productType = "com.apple.product-type.bundle.unit-test";
		};
/* End PBXNativeTarget section */

/* Begin PBXProject section */
		CB0CEBED1D76B6B000308DE7 /* Project object */ = {
			isa = PBXProject;
			attributes = {
				LastSwiftUpdateCheck = 0730;
				LastUpgradeCheck = 0730;
				ORGANIZATIONNAME = kosbrother;
				TargetAttributes = {
					CB0CEBF41D76B6B000308DE7 = {
						CreatedOnToolsVersion = 7.3.1;
					};
					CB0CEC0A1D76B6B000308DE7 = {
						CreatedOnToolsVersion = 7.3.1;
						TestTargetID = CB0CEBF41D76B6B000308DE7;
					};
				};
			};
			buildConfigurationList = CB0CEBF01D76B6B000308DE7 /* Build configuration list for PBXProject "mongmongwoo" */;
			compatibilityVersion = "Xcode 3.2";
			developmentRegion = English;
			hasScannedForEncodings = 0;
			knownRegions = (
				en,
				Base,
			);
			mainGroup = CB0CEBEC1D76B6B000308DE7;
			productRefGroup = CB0CEBF61D76B6B000308DE7 /* Products */;
			projectDirPath = "";
			projectRoot = "";
			targets = (
				CB0CEBF41D76B6B000308DE7 /* mongmongwoo */,
				CB0CEC0A1D76B6B000308DE7 /* mongmongwooTests */,
			);
		};
/* End PBXProject section */

/* Begin PBXResourcesBuildPhase section */
		CB0CEBF31D76B6B000308DE7 /* Resources */ = {
			isa = PBXResourcesBuildPhase;
			buildActionMask = 2147483647;
			files = (
				CB0CEC051D76B6B000308DE7 /* LaunchScreen.storyboard in Resources */,
				CB0CEC021D76B6B000308DE7 /* Assets.xcassets in Resources */,
				CBFFF4E61D78215400286241 /* Cartfile in Resources */,
				CB0CEC001D76B6B000308DE7 /* Main.storyboard in Resources */,
			);
			runOnlyForDeploymentPostprocessing = 0;
		};
		CB0CEC091D76B6B000308DE7 /* Resources */ = {
			isa = PBXResourcesBuildPhase;
			buildActionMask = 2147483647;
			files = (
			);
			runOnlyForDeploymentPostprocessing = 0;
		};
/* End PBXResourcesBuildPhase section */

/* Begin PBXShellScriptBuildPhase section */
		CB7686DA1D8299180076425B /* ShellScript */ = {
			isa = PBXShellScriptBuildPhase;
			buildActionMask = 2147483647;
			files = (
			);
			inputPaths = (
				"$(SRCROOT)/Carthage/Build/iOS/Alamofire.framework",
				"$(SRCROOT)/Carthage/Build/iOS/AlamofireObjectMapper.framework",
				"$(SRCROOT)/Carthage/Build/iOS/ObjectMapper.framework",
			);
			outputPaths = (
			);
			runOnlyForDeploymentPostprocessing = 0;
			shellPath = /bin/sh;
			shellScript = "/usr/local/bin/carthage copy-frameworks";
		};
/* End PBXShellScriptBuildPhase section */

/* Begin PBXSourcesBuildPhase section */
		CB0CEBF11D76B6B000308DE7 /* Sources */ = {
			isa = PBXSourcesBuildPhase;
			buildActionMask = 2147483647;
			files = (
				CB9050741D869C58006A7120 /* HomeHeaderCollectionReusableView.swift in Sources */,
				CB9050711D862750006A7120 /* ItemCollectionViewCell.swift in Sources */,
				CB90507B1D880C75006A7120 /* AccountViewController.swift in Sources */,
				CB0CEBFD1D76B6B000308DE7 /* CategoryViewController.swift in Sources */,
				CB9050651D83AB4E006A7120 /* DataProvider.swift in Sources */,
				CBA6EF261D8157C200567200 /* BannerResponse.swift in Sources */,
				CB9050691D83BE16006A7120 /* ItemsResponse.swift in Sources */,
				CB0CEBF91D76B6B000308DE7 /* AppDelegate.swift in Sources */,
				CBEA9FF41D782AEE00B4D43A /* Error.swift in Sources */,
				CB90507D1D880C8A006A7120 /* NotificationViewController.swift in Sources */,
				CB0CEBFB1D76B6B000308DE7 /* HomeViewController.swift in Sources */,
				CB90506F1D83FA74006A7120 /* ItemCollectionViewController.swift in Sources */,
				CB7686DF1D82B08A0076425B /* UrlImageView.swift in Sources */,
			);
			runOnlyForDeploymentPostprocessing = 0;
		};
		CB0CEC071D76B6B000308DE7 /* Sources */ = {
			isa = PBXSourcesBuildPhase;
			buildActionMask = 2147483647;
			files = (
				CB0CEC101D76B6B000308DE7 /* mongmongwooTests.swift in Sources */,
			);
			runOnlyForDeploymentPostprocessing = 0;
		};
/* End PBXSourcesBuildPhase section */

/* Begin PBXTargetDependency section */
		CB0CEC0D1D76B6B000308DE7 /* PBXTargetDependency */ = {
			isa = PBXTargetDependency;
			target = CB0CEBF41D76B6B000308DE7 /* mongmongwoo */;
			targetProxy = CB0CEC0C1D76B6B000308DE7 /* PBXContainerItemProxy */;
		};
/* End PBXTargetDependency section */

/* Begin PBXVariantGroup section */
		CB0CEBFE1D76B6B000308DE7 /* Main.storyboard */ = {
			isa = PBXVariantGroup;
			children = (
				CB0CEBFF1D76B6B000308DE7 /* Base */,
			);
			name = Main.storyboard;
			sourceTree = "<group>";
		};
		CB0CEC031D76B6B000308DE7 /* LaunchScreen.storyboard */ = {
			isa = PBXVariantGroup;
			children = (
				CB0CEC041D76B6B000308DE7 /* Base */,
			);
			name = LaunchScreen.storyboard;
			sourceTree = "<group>";
		};
/* End PBXVariantGroup section */

/* Begin XCBuildConfiguration section */
		CB0CEC121D76B6B000308DE7 /* Debug */ = {
			isa = XCBuildConfiguration;
			buildSettings = {
				ALWAYS_SEARCH_USER_PATHS = NO;
				CLANG_ANALYZER_NONNULL = YES;
				CLANG_CXX_LANGUAGE_STANDARD = "gnu++0x";
				CLANG_CXX_LIBRARY = "libc++";
				CLANG_ENABLE_MODULES = YES;
				CLANG_ENABLE_OBJC_ARC = YES;
				CLANG_WARN_BOOL_CONVERSION = YES;
				CLANG_WARN_CONSTANT_CONVERSION = YES;
				CLANG_WARN_DIRECT_OBJC_ISA_USAGE = YES_ERROR;
				CLANG_WARN_EMPTY_BODY = YES;
				CLANG_WARN_ENUM_CONVERSION = YES;
				CLANG_WARN_INT_CONVERSION = YES;
				CLANG_WARN_OBJC_ROOT_CLASS = YES_ERROR;
				CLANG_WARN_UNREACHABLE_CODE = YES;
				CLANG_WARN__DUPLICATE_METHOD_MATCH = YES;
				"CODE_SIGN_IDENTITY[sdk=iphoneos*]" = "iPhone Developer";
				COPY_PHASE_STRIP = NO;
				DEBUG_INFORMATION_FORMAT = dwarf;
				ENABLE_STRICT_OBJC_MSGSEND = YES;
				ENABLE_TESTABILITY = YES;
				GCC_C_LANGUAGE_STANDARD = gnu99;
				GCC_DYNAMIC_NO_PIC = NO;
				GCC_NO_COMMON_BLOCKS = YES;
				GCC_OPTIMIZATION_LEVEL = 0;
				GCC_PREPROCESSOR_DEFINITIONS = (
					"DEBUG=1",
					"$(inherited)",
				);
				GCC_WARN_64_TO_32_BIT_CONVERSION = YES;
				GCC_WARN_ABOUT_RETURN_TYPE = YES_ERROR;
				GCC_WARN_UNDECLARED_SELECTOR = YES;
				GCC_WARN_UNINITIALIZED_AUTOS = YES_AGGRESSIVE;
				GCC_WARN_UNUSED_FUNCTION = YES;
				GCC_WARN_UNUSED_VARIABLE = YES;
				IPHONEOS_DEPLOYMENT_TARGET = 9.3;
				MTL_ENABLE_DEBUG_INFO = YES;
				ONLY_ACTIVE_ARCH = YES;
				SDKROOT = iphoneos;
				SWIFT_OPTIMIZATION_LEVEL = "-Onone";
				TARGETED_DEVICE_FAMILY = "1,2";
			};
			name = Debug;
		};
		CB0CEC131D76B6B000308DE7 /* Release */ = {
			isa = XCBuildConfiguration;
			buildSettings = {
				ALWAYS_SEARCH_USER_PATHS = NO;
				CLANG_ANALYZER_NONNULL = YES;
				CLANG_CXX_LANGUAGE_STANDARD = "gnu++0x";
				CLANG_CXX_LIBRARY = "libc++";
				CLANG_ENABLE_MODULES = YES;
				CLANG_ENABLE_OBJC_ARC = YES;
				CLANG_WARN_BOOL_CONVERSION = YES;
				CLANG_WARN_CONSTANT_CONVERSION = YES;
				CLANG_WARN_DIRECT_OBJC_ISA_USAGE = YES_ERROR;
				CLANG_WARN_EMPTY_BODY = YES;
				CLANG_WARN_ENUM_CONVERSION = YES;
				CLANG_WARN_INT_CONVERSION = YES;
				CLANG_WARN_OBJC_ROOT_CLASS = YES_ERROR;
				CLANG_WARN_UNREACHABLE_CODE = YES;
				CLANG_WARN__DUPLICATE_METHOD_MATCH = YES;
				"CODE_SIGN_IDENTITY[sdk=iphoneos*]" = "iPhone Developer";
				COPY_PHASE_STRIP = NO;
				DEBUG_INFORMATION_FORMAT = "dwarf-with-dsym";
				ENABLE_NS_ASSERTIONS = NO;
				ENABLE_STRICT_OBJC_MSGSEND = YES;
				GCC_C_LANGUAGE_STANDARD = gnu99;
				GCC_NO_COMMON_BLOCKS = YES;
				GCC_WARN_64_TO_32_BIT_CONVERSION = YES;
				GCC_WARN_ABOUT_RETURN_TYPE = YES_ERROR;
				GCC_WARN_UNDECLARED_SELECTOR = YES;
				GCC_WARN_UNINITIALIZED_AUTOS = YES_AGGRESSIVE;
				GCC_WARN_UNUSED_FUNCTION = YES;
				GCC_WARN_UNUSED_VARIABLE = YES;
				IPHONEOS_DEPLOYMENT_TARGET = 9.3;
				MTL_ENABLE_DEBUG_INFO = NO;
				SDKROOT = iphoneos;
				TARGETED_DEVICE_FAMILY = "1,2";
				VALIDATE_PRODUCT = YES;
			};
			name = Release;
		};
		CB0CEC151D76B6B000308DE7 /* Debug */ = {
			isa = XCBuildConfiguration;
			buildSettings = {
				ASSETCATALOG_COMPILER_APPICON_NAME = AppIcon;
				FRAMEWORK_SEARCH_PATHS = (
					"$(inherited)",
					"$(PROJECT_DIR)/Carthage/Build/iOS",
				);
				INFOPLIST_FILE = mongmongwoo/Info.plist;
				LD_RUNPATH_SEARCH_PATHS = "$(inherited) @executable_path/Frameworks";
				PRODUCT_BUNDLE_IDENTIFIER = com.kosbrother.mongmongwoo;
				PRODUCT_NAME = "$(TARGET_NAME)";
			};
			name = Debug;
		};
		CB0CEC161D76B6B000308DE7 /* Release */ = {
			isa = XCBuildConfiguration;
			buildSettings = {
				ASSETCATALOG_COMPILER_APPICON_NAME = AppIcon;
				FRAMEWORK_SEARCH_PATHS = (
					"$(inherited)",
					"$(PROJECT_DIR)/Carthage/Build/iOS",
				);
				INFOPLIST_FILE = mongmongwoo/Info.plist;
				LD_RUNPATH_SEARCH_PATHS = "$(inherited) @executable_path/Frameworks";
				PRODUCT_BUNDLE_IDENTIFIER = com.kosbrother.mongmongwoo;
				PRODUCT_NAME = "$(TARGET_NAME)";
			};
			name = Release;
		};
		CB0CEC181D76B6B000308DE7 /* Debug */ = {
			isa = XCBuildConfiguration;
			buildSettings = {
				BUNDLE_LOADER = "$(TEST_HOST)";
				INFOPLIST_FILE = mongmongwooTests/Info.plist;
				LD_RUNPATH_SEARCH_PATHS = "$(inherited) @executable_path/Frameworks @loader_path/Frameworks";
				PRODUCT_BUNDLE_IDENTIFIER = com.kosbrother.mongmongwooTests;
				PRODUCT_NAME = "$(TARGET_NAME)";
				TEST_HOST = "$(BUILT_PRODUCTS_DIR)/mongmongwoo.app/mongmongwoo";
			};
			name = Debug;
		};
		CB0CEC191D76B6B000308DE7 /* Release */ = {
			isa = XCBuildConfiguration;
			buildSettings = {
				BUNDLE_LOADER = "$(TEST_HOST)";
				INFOPLIST_FILE = mongmongwooTests/Info.plist;
				LD_RUNPATH_SEARCH_PATHS = "$(inherited) @executable_path/Frameworks @loader_path/Frameworks";
				PRODUCT_BUNDLE_IDENTIFIER = com.kosbrother.mongmongwooTests;
				PRODUCT_NAME = "$(TARGET_NAME)";
				TEST_HOST = "$(BUILT_PRODUCTS_DIR)/mongmongwoo.app/mongmongwoo";
			};
			name = Release;
		};
/* End XCBuildConfiguration section */

/* Begin XCConfigurationList section */
		CB0CEBF01D76B6B000308DE7 /* Build configuration list for PBXProject "mongmongwoo" */ = {
			isa = XCConfigurationList;
			buildConfigurations = (
				CB0CEC121D76B6B000308DE7 /* Debug */,
				CB0CEC131D76B6B000308DE7 /* Release */,
			);
			defaultConfigurationIsVisible = 0;
			defaultConfigurationName = Release;
		};
		CB0CEC141D76B6B000308DE7 /* Build configuration list for PBXNativeTarget "mongmongwoo" */ = {
			isa = XCConfigurationList;
			buildConfigurations = (
				CB0CEC151D76B6B000308DE7 /* Debug */,
				CB0CEC161D76B6B000308DE7 /* Release */,
			);
			defaultConfigurationIsVisible = 0;
			defaultConfigurationName = Release;
		};
		CB0CEC171D76B6B000308DE7 /* Build configuration list for PBXNativeTarget "mongmongwooTests" */ = {
			isa = XCConfigurationList;
			buildConfigurations = (
				CB0CEC181D76B6B000308DE7 /* Debug */,
				CB0CEC191D76B6B000308DE7 /* Release */,
			);
			defaultConfigurationIsVisible = 0;
			defaultConfigurationName = Release;
		};
/* End XCConfigurationList section */
	};
	rootObject = CB0CEBED1D76B6B000308DE7 /* Project object */;
}
